
Microsoft Visual Studio Solution File, Format Version 12.00
# Visual Studio Version 17
VisualStudioVersion = 17.0.31903.59
MinimumVisualStudioVersion = 10.0.40219.1
Project("{2150E333-8FDC-42A3-9474-1A3956D46DE8}") = "src", "src", "{827E0CD3-B72D-47B6-A68D-7590B98EB39B}"
EndProject
Project("{FAE04EC0-301F-11D3-BF4B-00C04F79EFBC}") = "DiamondKata", "src\DiamondKata\DiamondKata.csproj", "{7B66EE86-21DB-498B-A01D-53A6E94ED01C}"
EndProject
Project("{FAE04EC0-301F-11D3-BF4B-00C04F79EFBC}") = "DiamondKata.Tests", "tests\DiamondKata.Tests\DiamondKata.Tests.csproj", "{B2586D55-BC4F-4501-8B5E-998980160FC7}"
EndProject
Project("{FAE04EC0-301F-11D3-BF4B-00C04F79EFBC}") = "DiamondKata.Console", "src\DiamondKata.Console\DiamondKata.Console.csproj", "{41F97A00-A7F0-4A9A-B3BA-C4DEE24389A0}"
EndProject
Global
	GlobalSection(SolutionConfigurationPlatforms) = preSolution
		Debug|Any CPU = Debug|Any CPU
		Debug|x64 = Debug|x64
		Debug|x86 = Debug|x86
		Release|Any CPU = Release|Any CPU
		Release|x64 = Release|x64
		Release|x86 = Release|x86
	EndGlobalSection
	GlobalSection(ProjectConfigurationPlatforms) = postSolution
		{7B66EE86-21DB-498B-A01D-53A6E94ED01C}.Debug|Any CPU.ActiveCfg = Debug|Any CPU
		{7B66EE86-21DB-498B-A01D-53A6E94ED01C}.Debug|Any CPU.Build.0 = Debug|Any CPU
		{7B66EE86-21DB-498B-A01D-53A6E94ED01C}.Debug|x64.ActiveCfg = Debug|Any CPU
		{7B66EE86-21DB-498B-A01D-53A6E94ED01C}.Debug|x64.Build.0 = Debug|Any CPU
		{7B66EE86-21DB-498B-A01D-53A6E94ED01C}.Debug|x86.ActiveCfg = Debug|Any CPU
		{7B66EE86-21DB-498B-A01D-53A6E94ED01C}.Debug|x86.Build.0 = Debug|Any CPU
		{7B66EE86-21DB-498B-A01D-53A6E94ED01C}.Release|Any CPU.ActiveCfg = Release|Any CPU
		{7B66EE86-21DB-498B-A01D-53A6E94ED01C}.Release|Any CPU.Build.0 = Release|Any CPU
		{7B66EE86-21DB-498B-A01D-53A6E94ED01C}.Release|x64.ActiveCfg = Release|Any CPU
		{7B66EE86-21DB-498B-A01D-53A6E94ED01C}.Release|x64.Build.0 = Release|Any CPU
		{7B66EE86-21DB-498B-A01D-53A6E94ED01C}.Release|x86.ActiveCfg = Release|Any CPU
		{7B66EE86-21DB-498B-A01D-53A6E94ED01C}.Release|x86.Build.0 = Release|Any CPU
		{B2586D55-BC4F-4501-8B5E-998980160FC7}.Debug|Any CPU.ActiveCfg = Debug|Any CPU
		{B2586D55-BC4F-4501-8B5E-998980160FC7}.Debug|Any CPU.Build.0 = Debug|Any CPU
		{B2586D55-BC4F-4501-8B5E-998980160FC7}.Debug|x64.ActiveCfg = Debug|Any CPU
		{B2586D55-BC4F-4501-8B5E-998980160FC7}.Debug|x64.Build.0 = Debug|Any CPU
		{B2586D55-BC4F-4501-8B5E-998980160FC7}.Debug|x86.ActiveCfg = Debug|Any CPU
		{B2586D55-BC4F-4501-8B5E-998980160FC7}.Debug|x86.Build.0 = Debug|Any CPU
		{B2586D55-BC4F-4501-8B5E-998980160FC7}.Release|Any CPU.ActiveCfg = Release|Any CPU
		{B2586D55-BC4F-4501-8B5E-998980160FC7}.Release|Any CPU.Build.0 = Release|Any CPU
		{B2586D55-BC4F-4501-8B5E-998980160FC7}.Release|x64.ActiveCfg = Release|Any CPU
		{B2586D55-BC4F-4501-8B5E-998980160FC7}.Release|x64.Build.0 = Release|Any CPU
		{B2586D55-BC4F-4501-8B5E-998980160FC7}.Release|x86.ActiveCfg = Release|Any CPU
		{B2586D55-BC4F-4501-8B5E-998980160FC7}.Release|x86.Build.0 = Release|Any CPU
		{41F97A00-A7F0-4A9A-B3BA-C4DEE24389A0}.Debug|Any CPU.ActiveCfg = Debug|Any CPU
		{41F97A00-A7F0-4A9A-B3BA-C4DEE24389A0}.Debug|Any CPU.Build.0 = Debug|Any CPU
		{41F97A00-A7F0-4A9A-B3BA-C4DEE24389A0}.Debug|x64.ActiveCfg = Debug|Any CPU
		{41F97A00-A7F0-4A9A-B3BA-C4DEE24389A0}.Debug|x64.Build.0 = Debug|Any CPU
		{41F97A00-A7F0-4A9A-B3BA-C4DEE24389A0}.Debug|x86.ActiveCfg = Debug|Any CPU
		{41F97A00-A7F0-4A9A-B3BA-C4DEE24389A0}.Debug|x86.Build.0 = Debug|Any CPU
		{41F97A00-A7F0-4A9A-B3BA-C4DEE24389A0}.Release|Any CPU.ActiveCfg = Release|Any CPU
		{41F97A00-A7F0-4A9A-B3BA-C4DEE24389A0}.Release|Any CPU.Build.0 = Release|Any CPU
		{41F97A00-A7F0-4A9A-B3BA-C4DEE24389A0}.Release|x64.ActiveCfg = Release|Any CPU
		{41F97A00-A7F0-4A9A-B3BA-C4DEE24389A0}.Release|x64.Build.0 = Release|Any CPU
		{41F97A00-A7F0-4A9A-B3BA-C4DEE24389A0}.Release|x86.ActiveCfg = Release|Any CPU
		{41F97A00-A7F0-4A9A-B3BA-C4DEE24389A0}.Release|x86.Build.0 = Release|Any CPU
	EndGlobalSection
	GlobalSection(SolutionProperties) = preSolution
		HideSolutionNode = FALSE
	EndGlobalSection
	GlobalSection(NestedProjects) = preSolution
		{7B66EE86-21DB-498B-A01D-53A6E94ED01C} = {827E0CD3-B72D-47B6-A68D-7590B98EB39B}
		{B2586D55-BC4F-4501-8B5E-998980160FC7} = {827E0CD3-B72D-47B6-A68D-7590B98EB39B}
		{41F97A00-A7F0-4A9A-B3BA-C4DEE24389A0} = {827E0CD3-B72D-47B6-A68D-7590B98EB39B}
	EndGlobalSection
EndGlobal
