
Microsoft Visual Studio Solution File, Format Version 12.00
# Visual Studio Version 17
VisualStudioVersion = 17.14.36518.9 d17.14
MinimumVisualStudioVersion = 10.0.40219.1
Project("{FAE04EC0-301F-11D3-BF4B-00C04F79EFBC}") = "WeatherAggregator", "WeatherAggregator\WeatherAggregator.csproj", "{C6E29267-D994-4F5E-8BB7-220807E792F1}"
EndProject
Project("{FAE04EC0-301F-11D3-BF4B-00C04F79EFBC}") = "WeatherAggregatorTests", "WeatherAggregatorTests\WeatherAggregatorTests.csproj", "{755D1420-AC3E-4651-863B-D54AF4EDD73E}"
EndProject
Global
	GlobalSection(SolutionConfigurationPlatforms) = preSolution
		Debug|Any CPU = Debug|Any CPU
		Release|Any CPU = Release|Any CPU
	EndGlobalSection
	GlobalSection(ProjectConfigurationPlatforms) = postSolution
		{C6E29267-D994-4F5E-8BB7-220807E792F1}.Debug|Any CPU.ActiveCfg = Debug|Any CPU
		{C6E29267-D994-4F5E-8BB7-220807E792F1}.Debug|Any CPU.Build.0 = Debug|Any CPU
		{C6E29267-D994-4F5E-8BB7-220807E792F1}.Release|Any CPU.ActiveCfg = Release|Any CPU
		{C6E29267-D994-4F5E-8BB7-220807E792F1}.Release|Any CPU.Build.0 = Release|Any CPU
		{755D1420-AC3E-4651-863B-D54AF4EDD73E}.Debug|Any CPU.ActiveCfg = Debug|Any CPU
		{755D1420-AC3E-4651-863B-D54AF4EDD73E}.Debug|Any CPU.Build.0 = Debug|Any CPU
		{755D1420-AC3E-4651-863B-D54AF4EDD73E}.Release|Any CPU.ActiveCfg = Release|Any CPU
		{755D1420-AC3E-4651-863B-D54AF4EDD73E}.Release|Any CPU.Build.0 = Release|Any CPU
	EndGlobalSection
	GlobalSection(SolutionProperties) = preSolution
		HideSolutionNode = FALSE
	EndGlobalSection
	GlobalSection(ExtensibilityGlobals) = postSolution
		SolutionGuid = {5C4844BB-3D5F-49DB-8381-9835637D0453}
	EndGlobalSection
EndGlobal
