
Microsoft Visual Studio Solution File, Format Version 12.00
# Visual Studio Version 17
VisualStudioVersion = 17.9.34902.65
MinimumVisualStudioVersion = 10.0.40219.1
Project("{FAE04EC0-301F-11D3-BF4B-00C04F79EFBC}") = "OrnateStatueStore", "OrnateStatueStore\OrnateStatueStore.csproj", "{45820082-FAF5-422D-AA51-485437745678}"
EndProject
Project("{FAE04EC0-301F-11D3-BF4B-00C04F79EFBC}") = "OrnateStatueTests", "OrnateStatueTests\OrnateStatueTests.csproj", "{92E42FA6-B248-4960-B792-0A2ADFE1FEF5}"
EndProject
Global
	GlobalSection(SolutionConfigurationPlatforms) = preSolution
		Debug|Any CPU = Debug|Any CPU
		Release|Any CPU = Release|Any CPU
	EndGlobalSection
	GlobalSection(ProjectConfigurationPlatforms) = postSolution
		{45820082-FAF5-422D-AA51-485437745678}.Debug|Any CPU.ActiveCfg = Debug|Any CPU
		{45820082-FAF5-422D-AA51-485437745678}.Debug|Any CPU.Build.0 = Debug|Any CPU
		{45820082-FAF5-422D-AA51-485437745678}.Release|Any CPU.ActiveCfg = Release|Any CPU
		{45820082-FAF5-422D-AA51-485437745678}.Release|Any CPU.Build.0 = Release|Any CPU
		{92E42FA6-B248-4960-B792-0A2ADFE1FEF5}.Debug|Any CPU.ActiveCfg = Debug|Any CPU
		{92E42FA6-B248-4960-B792-0A2ADFE1FEF5}.Debug|Any CPU.Build.0 = Debug|Any CPU
		{92E42FA6-B248-4960-B792-0A2ADFE1FEF5}.Release|Any CPU.ActiveCfg = Release|Any CPU
		{92E42FA6-B248-4960-B792-0A2ADFE1FEF5}.Release|Any CPU.Build.0 = Release|Any CPU
	EndGlobalSection
	GlobalSection(SolutionProperties) = preSolution
		HideSolutionNode = FALSE
	EndGlobalSection
	GlobalSection(ExtensibilityGlobals) = postSolution
		SolutionGuid = {6001BED6-47FE-451E-80DB-294F5EDB3DAE}
	EndGlobalSection
EndGlobal
